
Microsoft Visual Studio Solution File, Format Version 12.00
# Visual Studio Version 16
VisualStudioVersion = 16.0.30406.217
MinimumVisualStudioVersion = 10.0.40219.1
Project("{FAE04EC0-301F-11D3-BF4B-00C04F79EFBC}") = "msa_2020_blog", "msa_2020_blog\msa_2020_blog.csproj", "{521B2B0F-5104-4A39-9115-D2971638496E}"
EndProject
Global
	GlobalSection(SolutionConfigurationPlatforms) = preSolution
		Debug|Any CPU = Debug|Any CPU
		Release|Any CPU = Release|Any CPU
	EndGlobalSection
	GlobalSection(ProjectConfigurationPlatforms) = postSolution
		{521B2B0F-5104-4A39-9115-D2971638496E}.Debug|Any CPU.ActiveCfg = Debug|Any CPU
		{521B2B0F-5104-4A39-9115-D2971638496E}.Debug|Any CPU.Build.0 = Debug|Any CPU
		{521B2B0F-5104-4A39-9115-D2971638496E}.Release|Any CPU.ActiveCfg = Release|Any CPU
		{521B2B0F-5104-4A39-9115-D2971638496E}.Release|Any CPU.Build.0 = Release|Any CPU
	EndGlobalSection
	GlobalSection(SolutionProperties) = preSolution
		HideSolutionNode = FALSE
	EndGlobalSection
	GlobalSection(ExtensibilityGlobals) = postSolution
		SolutionGuid = {A57A75EC-67DB-4521-8503-81C4336AFE41}
	EndGlobalSection
EndGlobal
